
Microsoft Visual Studio Solution File, Format Version 12.00
# Visual Studio 15
VisualStudioVersion = 15.0.27428.2015
MinimumVisualStudioVersion = 10.0.40219.1
Project("{FAE04EC0-301F-11D3-BF4B-00C04F79EFBC}") = "Zamtalk_Pm_Reader_ ver 1.0.05_F021", "Zamtalk_Pm_Reader_ ver 1.0.05_F021\Zamtalk_Pm_Reader_ ver 1.0.05_F021.csproj", "{B6833DEC-2135-418C-A220-C9482FC694E7}"
EndProject
Global
	GlobalSection(SolutionConfigurationPlatforms) = preSolution
		Debug|Any CPU = Debug|Any CPU
		Debug|x86 = Debug|x86
		Release|Any CPU = Release|Any CPU
		Release|x86 = Release|x86
	EndGlobalSection
	GlobalSection(ProjectConfigurationPlatforms) = postSolution
		{B6833DEC-2135-418C-A220-C9482FC694E7}.Debug|Any CPU.ActiveCfg = Debug|Any CPU
		{B6833DEC-2135-418C-A220-C9482FC694E7}.Debug|Any CPU.Build.0 = Debug|Any CPU
		{B6833DEC-2135-418C-A220-C9482FC694E7}.Debug|x86.ActiveCfg = Debug|Any CPU
		{B6833DEC-2135-418C-A220-C9482FC694E7}.Debug|x86.Build.0 = Debug|Any CPU
		{B6833DEC-2135-418C-A220-C9482FC694E7}.Release|Any CPU.ActiveCfg = Release|Any CPU
		{B6833DEC-2135-418C-A220-C9482FC694E7}.Release|Any CPU.Build.0 = Release|Any CPU
		{B6833DEC-2135-418C-A220-C9482FC694E7}.Release|x86.ActiveCfg = Release|Any CPU
		{B6833DEC-2135-418C-A220-C9482FC694E7}.Release|x86.Build.0 = Release|Any CPU
	EndGlobalSection
	GlobalSection(SolutionProperties) = preSolution
		HideSolutionNode = FALSE
	EndGlobalSection
	GlobalSection(ExtensibilityGlobals) = postSolution
		SolutionGuid = {AF8974F5-D4C2-4C21-9E6F-0BC33EC79F02}
	EndGlobalSection
EndGlobal
